
Microsoft Visual Studio Solution File, Format Version 12.00
# Visual Studio Version 17
VisualStudioVersion = 17.7.34202.233
MinimumVisualStudioVersion = 10.0.40219.1
Project("{9A19103F-16F7-4668-BE54-9A1E7A4F7556}") = "PeopleApp", "PeopleApp.csproj", "{0AE896E2-5568-4A8E-9335-E8E35157B683}"
EndProject
Project("{9A19103F-16F7-4668-BE54-9A1E7A4F7556}") = "MyLib", "..\MyLib\MyLib.csproj", "{5E98441E-7FAB-49F7-A3BA-705AC6E6700B}"
EndProject
Project("{FAE04EC0-301F-11D3-BF4B-00C04F79EFBC}") = "MyLibModern", "..\MyLibModern\MyLibModern.csproj", "{E210AFB1-F3D2-4219-9DE0-E1ECC029B622}"
EndProject
Project("{FAE04EC0-301F-11D3-BF4B-00C04F79EFBC}") = "FlightProject", "..\FlightProject\FlightProject.csproj", "{7B6640F1-1EAA-427D-B9F6-B8849F32DAC1}"
EndProject
Global
	GlobalSection(SolutionConfigurationPlatforms) = preSolution
		Debug|Any CPU = Debug|Any CPU
		Release|Any CPU = Release|Any CPU
	EndGlobalSection
	GlobalSection(ProjectConfigurationPlatforms) = postSolution
		{0AE896E2-5568-4A8E-9335-E8E35157B683}.Debug|Any CPU.ActiveCfg = Debug|Any CPU
		{0AE896E2-5568-4A8E-9335-E8E35157B683}.Debug|Any CPU.Build.0 = Debug|Any CPU
		{0AE896E2-5568-4A8E-9335-E8E35157B683}.Release|Any CPU.ActiveCfg = Release|Any CPU
		{0AE896E2-5568-4A8E-9335-E8E35157B683}.Release|Any CPU.Build.0 = Release|Any CPU
		{5E98441E-7FAB-49F7-A3BA-705AC6E6700B}.Debug|Any CPU.ActiveCfg = Debug|Any CPU
		{5E98441E-7FAB-49F7-A3BA-705AC6E6700B}.Debug|Any CPU.Build.0 = Debug|Any CPU
		{5E98441E-7FAB-49F7-A3BA-705AC6E6700B}.Release|Any CPU.ActiveCfg = Release|Any CPU
		{5E98441E-7FAB-49F7-A3BA-705AC6E6700B}.Release|Any CPU.Build.0 = Release|Any CPU
		{E210AFB1-F3D2-4219-9DE0-E1ECC029B622}.Debug|Any CPU.ActiveCfg = Debug|Any CPU
		{E210AFB1-F3D2-4219-9DE0-E1ECC029B622}.Debug|Any CPU.Build.0 = Debug|Any CPU
		{E210AFB1-F3D2-4219-9DE0-E1ECC029B622}.Release|Any CPU.ActiveCfg = Release|Any CPU
		{E210AFB1-F3D2-4219-9DE0-E1ECC029B622}.Release|Any CPU.Build.0 = Release|Any CPU
		{7B6640F1-1EAA-427D-B9F6-B8849F32DAC1}.Debug|Any CPU.ActiveCfg = Debug|Any CPU
		{7B6640F1-1EAA-427D-B9F6-B8849F32DAC1}.Debug|Any CPU.Build.0 = Debug|Any CPU
		{7B6640F1-1EAA-427D-B9F6-B8849F32DAC1}.Release|Any CPU.ActiveCfg = Release|Any CPU
		{7B6640F1-1EAA-427D-B9F6-B8849F32DAC1}.Release|Any CPU.Build.0 = Release|Any CPU
	EndGlobalSection
	GlobalSection(SolutionProperties) = preSolution
		HideSolutionNode = FALSE
	EndGlobalSection
	GlobalSection(ExtensibilityGlobals) = postSolution
		SolutionGuid = {2314A65F-3686-42D3-BD1F-4D3EBDA4473B}
	EndGlobalSection
EndGlobal
