
Microsoft Visual Studio Solution File, Format Version 12.00
# Visual Studio Version 17
VisualStudioVersion = 17.5.002.0
MinimumVisualStudioVersion = 10.0.40219.1
Project("{9A19103F-16F7-4668-BE54-9A1E7A4F7556}") = "PeopleApp", "PeopleApp\PeopleApp.csproj", "{C44F67C1-8E55-4A98-97EC-F8AEB21E462E}"
EndProject
Global
	GlobalSection(SolutionConfigurationPlatforms) = preSolution
		Debug|Any CPU = Debug|Any CPU
		Release|Any CPU = Release|Any CPU
	EndGlobalSection
	GlobalSection(ProjectConfigurationPlatforms) = postSolution
		{C44F67C1-8E55-4A98-97EC-F8AEB21E462E}.Debug|Any CPU.ActiveCfg = Debug|Any CPU
		{C44F67C1-8E55-4A98-97EC-F8AEB21E462E}.Debug|Any CPU.Build.0 = Debug|Any CPU
		{C44F67C1-8E55-4A98-97EC-F8AEB21E462E}.Release|Any CPU.ActiveCfg = Release|Any CPU
		{C44F67C1-8E55-4A98-97EC-F8AEB21E462E}.Release|Any CPU.Build.0 = Release|Any CPU
	EndGlobalSection
	GlobalSection(SolutionProperties) = preSolution
		HideSolutionNode = FALSE
	EndGlobalSection
	GlobalSection(ExtensibilityGlobals) = postSolution
		SolutionGuid = {40F8CD5E-7DFB-4AB6-B008-DBCF44A92D0D}
	EndGlobalSection
EndGlobal
